speakeasyVersion: 1.456.1
sources:
    bz-apis:
        sourceNamespace: bz-java-client
        sourceRevisionDigest: sha256:3b1aed16ff82f492d696f254ebb329efa8198b884e904e413888b07678c0f2ef
        sourceBlobDigest: sha256:97ab45e06208ba917f406d570a086dbcebe7c4b3c50b7d12f0760e7ffad024c9
        tags:
            - latest
            - 1.0.0
targets:
    bzclient:
        source: bz-apis
        sourceNamespace: bz-java-client
        sourceRevisionDigest: sha256:3b1aed16ff82f492d696f254ebb329efa8198b884e904e413888b07678c0f2ef
        sourceBlobDigest: sha256:97ab45e06208ba917f406d570a086dbcebe7c4b3c50b7d12f0760e7ffad024c9
        codeSamplesNamespace: bz-java-client-code-samples
        codeSamplesRevisionDigest: sha256:f0399249b0751629194a857bd9138186492263dbf91129680a7ce944fa105592
workflow:
    workflowVersion: 1.0.0
    speakeasyVersion: latest
    sources:
        bz-apis:
            inputs:
                - location: openapi.yaml
            overlays:
                - location: .speakeasy/speakeasy-modifications-overlay.yaml
            registry:
                location: registry.speakeasyapi.dev/benzinga/benzinga/bz-java-client
    targets:
        bzclient:
            target: java
            source: bz-apis
            publish:
                java:
                    ossrhUsername: $ossrh_username
                    ossrhPassword: $ossrh_password
                    gpgSecretKey: $java_gpg_secret_key
                    gpgPassPhrase: $java_gpg_passphrase
            codeSamples:
                registry:
                    location: registry.speakeasyapi.dev/benzinga/benzinga/bz-java-client-code-samples
                blocking: false
